
Microsoft Visual Studio Solution File, Format Version 10.00
# Visual Studio 2008
Project("{FAE04EC0-301F-11D3-BF4B-00C04F79EFBC}") = "HackSharp", "HackSharp\HackSharp.csproj", "{1DA3E0F6-1003-48EC-90F1-BD5E8FE6F396}"
EndProject
Project("{FAE04EC0-301F-11D3-BF4B-00C04F79EFBC}") = "Maps", "Map\Maps.csproj", "{6C3803B9-39FF-4938-8FB1-F8A03658135D}"
EndProject
Project("{FAE04EC0-301F-11D3-BF4B-00C04F79EFBC}") = "Resources", "Resources\Resources.csproj", "{3591CC04-B4FE-4671-B948-9A11E29FB126}"
EndProject
Project("{FAE04EC0-301F-11D3-BF4B-00C04F79EFBC}") = "Renderer", "Renderer\Renderer.csproj", "{3320A147-244A-4710-90FB-A20671FEDE59}"
EndProject
Project("{FAE04EC0-301F-11D3-BF4B-00C04F79EFBC}") = "Textures", "Textures\Textures.csproj", "{8AFCDAAF-5B7F-4955-B27A-224EAA8EEABA}"
EndProject
Project("{FAE04EC0-301F-11D3-BF4B-00C04F79EFBC}") = "ImageToMap", "ImageToMap\ImageToMap.csproj", "{4439A7A1-EF66-4DA3-A99D-B9B86AC73FA9}"
EndProject
Project("{FAE04EC0-301F-11D3-BF4B-00C04F79EFBC}") = "MapGen", "MapGen\MapGen.csproj", "{E3E774A8-870A-4596-8003-AC18E1B8D531}"
EndProject
Global
	GlobalSection(DPCodeReviewSolutionGUID) = preSolution
		DPCodeReviewSolutionGUID = {00000000-0000-0000-0000-000000000000}
	EndGlobalSection
	GlobalSection(SolutionConfigurationPlatforms) = preSolution
		Debug|Any CPU = Debug|Any CPU
		Release|Any CPU = Release|Any CPU
	EndGlobalSection
	GlobalSection(ProjectConfigurationPlatforms) = postSolution
		{1DA3E0F6-1003-48EC-90F1-BD5E8FE6F396}.Debug|Any CPU.ActiveCfg = Debug|Any CPU
		{1DA3E0F6-1003-48EC-90F1-BD5E8FE6F396}.Debug|Any CPU.Build.0 = Debug|Any CPU
		{1DA3E0F6-1003-48EC-90F1-BD5E8FE6F396}.Release|Any CPU.ActiveCfg = Release|Any CPU
		{1DA3E0F6-1003-48EC-90F1-BD5E8FE6F396}.Release|Any CPU.Build.0 = Release|Any CPU
		{6C3803B9-39FF-4938-8FB1-F8A03658135D}.Debug|Any CPU.ActiveCfg = Debug|Any CPU
		{6C3803B9-39FF-4938-8FB1-F8A03658135D}.Debug|Any CPU.Build.0 = Debug|Any CPU
		{6C3803B9-39FF-4938-8FB1-F8A03658135D}.Release|Any CPU.ActiveCfg = Release|Any CPU
		{6C3803B9-39FF-4938-8FB1-F8A03658135D}.Release|Any CPU.Build.0 = Release|Any CPU
		{3591CC04-B4FE-4671-B948-9A11E29FB126}.Debug|Any CPU.ActiveCfg = Debug|Any CPU
		{3591CC04-B4FE-4671-B948-9A11E29FB126}.Debug|Any CPU.Build.0 = Debug|Any CPU
		{3591CC04-B4FE-4671-B948-9A11E29FB126}.Release|Any CPU.ActiveCfg = Release|Any CPU
		{3591CC04-B4FE-4671-B948-9A11E29FB126}.Release|Any CPU.Build.0 = Release|Any CPU
		{3320A147-244A-4710-90FB-A20671FEDE59}.Debug|Any CPU.ActiveCfg = Debug|Any CPU
		{3320A147-244A-4710-90FB-A20671FEDE59}.Debug|Any CPU.Build.0 = Debug|Any CPU
		{3320A147-244A-4710-90FB-A20671FEDE59}.Release|Any CPU.ActiveCfg = Release|Any CPU
		{3320A147-244A-4710-90FB-A20671FEDE59}.Release|Any CPU.Build.0 = Release|Any CPU
		{8AFCDAAF-5B7F-4955-B27A-224EAA8EEABA}.Debug|Any CPU.ActiveCfg = Debug|Any CPU
		{8AFCDAAF-5B7F-4955-B27A-224EAA8EEABA}.Debug|Any CPU.Build.0 = Debug|Any CPU
		{8AFCDAAF-5B7F-4955-B27A-224EAA8EEABA}.Release|Any CPU.ActiveCfg = Release|Any CPU
		{8AFCDAAF-5B7F-4955-B27A-224EAA8EEABA}.Release|Any CPU.Build.0 = Release|Any CPU
		{4439A7A1-EF66-4DA3-A99D-B9B86AC73FA9}.Debug|Any CPU.ActiveCfg = Debug|Any CPU
		{4439A7A1-EF66-4DA3-A99D-B9B86AC73FA9}.Debug|Any CPU.Build.0 = Debug|Any CPU
		{4439A7A1-EF66-4DA3-A99D-B9B86AC73FA9}.Release|Any CPU.ActiveCfg = Release|Any CPU
		{4439A7A1-EF66-4DA3-A99D-B9B86AC73FA9}.Release|Any CPU.Build.0 = Release|Any CPU
		{E3E774A8-870A-4596-8003-AC18E1B8D531}.Debug|Any CPU.ActiveCfg = Debug|Any CPU
		{E3E774A8-870A-4596-8003-AC18E1B8D531}.Debug|Any CPU.Build.0 = Debug|Any CPU
		{E3E774A8-870A-4596-8003-AC18E1B8D531}.Release|Any CPU.ActiveCfg = Release|Any CPU
		{E3E774A8-870A-4596-8003-AC18E1B8D531}.Release|Any CPU.Build.0 = Release|Any CPU
	EndGlobalSection
	GlobalSection(SolutionProperties) = preSolution
		HideSolutionNode = FALSE
	EndGlobalSection
EndGlobal
