
Microsoft Visual Studio Solution File, Format Version 10.00
# Visual Studio 2008
Project("{FAE04EC0-301F-11D3-BF4B-00C04F79EFBC}") = "Bitmaper", "Bitmaper.csproj", "{578F7B09-5C13-418B-8E73-BF80C53CCDAC}"
EndProject
Global
	GlobalSection(SolutionConfigurationPlatforms) = preSolution
		Debug|Any CPU = Debug|Any CPU
		Release|Any CPU = Release|Any CPU
	EndGlobalSection
	GlobalSection(ProjectConfigurationPlatforms) = postSolution
		{578F7B09-5C13-418B-8E73-BF80C53CCDAC}.Debug|Any CPU.ActiveCfg = Debug|Any CPU
		{578F7B09-5C13-418B-8E73-BF80C53CCDAC}.Debug|Any CPU.Build.0 = Debug|Any CPU
		{578F7B09-5C13-418B-8E73-BF80C53CCDAC}.Release|Any CPU.ActiveCfg = Release|Any CPU
		{578F7B09-5C13-418B-8E73-BF80C53CCDAC}.Release|Any CPU.Build.0 = Release|Any CPU
	EndGlobalSection
	GlobalSection(SolutionProperties) = preSolution
		HideSolutionNode = FALSE
	EndGlobalSection
EndGlobal
