
Microsoft Visual Studio Solution File, Format Version 10.00
# Visual Studio 2008
Project("{FAE04EC0-301F-11D3-BF4B-00C04F79EFBC}") = "CharacterTool", "CharacterTool.csproj", "{DB603EE9-375E-492B-A540-8EF844599189}"
EndProject
Global
	GlobalSection(DPCodeReviewSolutionGUID) = preSolution
		DPCodeReviewSolutionGUID = {00000000-0000-0000-0000-000000000000}
	EndGlobalSection
	GlobalSection(SolutionConfigurationPlatforms) = preSolution
		Debug|Any CPU = Debug|Any CPU
		Release|Any CPU = Release|Any CPU
	EndGlobalSection
	GlobalSection(ProjectConfigurationPlatforms) = postSolution
		{DB603EE9-375E-492B-A540-8EF844599189}.Debug|Any CPU.ActiveCfg = Debug|Any CPU
		{DB603EE9-375E-492B-A540-8EF844599189}.Debug|Any CPU.Build.0 = Debug|Any CPU
		{DB603EE9-375E-492B-A540-8EF844599189}.Release|Any CPU.ActiveCfg = Release|Any CPU
		{DB603EE9-375E-492B-A540-8EF844599189}.Release|Any CPU.Build.0 = Release|Any CPU
	EndGlobalSection
	GlobalSection(SolutionProperties) = preSolution
		HideSolutionNode = FALSE
	EndGlobalSection
EndGlobal
